<?xml version="1.0" encoding="utf-8"?>
<Project ToolsVersion="4.0" xmlns="http://schemas.microsoft.com/developer/msbuild/2003">
  <ItemGroup>
    <ClCompile Include="BodyBasics.cpp" />
    <ClCompile Include="Gesture.cpp">
      <Filter>model_subclasses</Filter>
    </ClCompile>
    <ClCompile Include="libsvm-3.21\svm.cpp">
      <Filter>libraries</Filter>
    </ClCompile>
    <ClCompile Include="SVMInterface.cpp">
      <Filter>model_subclasses</Filter>
    </ClCompile>
    <ClCompile Include="Model.cpp">
      <Filter>model_subclasses</Filter>
    </ClCompile>
    <ClCompile Include="Project.cpp">
      <Filter>model_subclasses</Filter>
    </ClCompile>
    <ClCompile Include="ProjectGesture.cpp">
      <Filter>model_subclasses</Filter>
    </ClCompile>
    <ClCompile Include="GestureClass.cpp">
      <Filter>model_subclasses</Filter>
    </ClCompile>
    <ClCompile Include="UI.cpp">
      <Filter>UI_data</Filter>
    </ClCompile>
    <ClCompile Include="GUI.cpp">
      <Filter>UI_data</Filter>
    </ClCompile>
    <ClCompile Include="DUI.cpp">
      <Filter>UI_data</Filter>
    </ClCompile>
    <ClCompile Include="D2D_Graphics.cpp">
      <Filter>UI_data</Filter>
    </ClCompile>
    <ClCompile Include="Main.cpp" />
    <ClCompile Include="Frame.cpp">
      <Filter>model_subclasses</Filter>
    </ClCompile>
    <ClCompile Include="Keypress.cpp">
      <Filter>libraries</Filter>
    </ClCompile>
    <ClCompile Include="Console.cpp" />
    <ClCompile Include="save.cpp">
      <Filter>libraries</Filter>
    </ClCompile>
    <ClCompile Include="Filewriter.cpp">
      <Filter>libraries</Filter>
    </ClCompile>
    <ClCompile Include="Filereader.cpp">
      <Filter>libraries</Filter>
    </ClCompile>
    <ClCompile Include="FilenameChecker.cpp">
      <Filter>libraries</Filter>
    </ClCompile>
    <ClCompile Include="UI_Object.cpp">
      <Filter>UI_data\View</Filter>
    </ClCompile>
    <ClCompile Include="UI_Hitbox.cpp">
      <Filter>UI_data\Controller</Filter>
    </ClCompile>
    <ClCompile Include="UI_HitboxSlideButton.cpp">
      <Filter>UI_data\Controller</Filter>
    </ClCompile>
    <ClCompile Include="Abstr_UI_Hitbox.cpp">
      <Filter>UI_data\Controller</Filter>
    </ClCompile>
    <ClCompile Include="Abstr_UI_HitboxSlideButton.cpp">
      <Filter>UI_data\Controller</Filter>
    </ClCompile>
    <ClCompile Include="UI_HitboxScrolBar.cpp">
      <Filter>UI_data\Controller</Filter>
    </ClCompile>
    <ClCompile Include="UI_HitboxHoverSlideButton.cpp">
      <Filter>UI_data\Controller</Filter>
    </ClCompile>
    <ClCompile Include="UI_HitboxLockScrolBar.cpp">
      <Filter>UI_data\Controller</Filter>
    </ClCompile>
    <ClCompile Include="Abstr_Screen.cpp" />
    <ClCompile Include="UI_CallbackFunctions.cpp">
      <Filter>UI_data\Controller</Filter>
    </ClCompile>
  </ItemGroup>
  <ItemGroup>
    <ClInclude Include="BodyBasics.h" />
    <ClInclude Include="Gesture.h">
      <Filter>model_subclasses</Filter>
    </ClInclude>
    <ClInclude Include="stdafx.h">
      <Filter>libraries</Filter>
    </ClInclude>
    <ClInclude Include="libsvm-3.21\svm.h">
      <Filter>libraries</Filter>
    </ClInclude>
    <ClInclude Include="resource.h">
      <Filter>UI_data</Filter>
    </ClInclude>
    <ClInclude Include="SVMInterface.h">
      <Filter>model_subclasses</Filter>
    </ClInclude>
    <ClInclude Include="Model.h">
      <Filter>model_subclasses</Filter>
    </ClInclude>
    <ClInclude Include="Project.h">
      <Filter>model_subclasses</Filter>
    </ClInclude>
    <ClInclude Include="ProjectGesture.h">
      <Filter>model_subclasses</Filter>
    </ClInclude>
    <ClInclude Include="GestureClass.h">
      <Filter>model_subclasses</Filter>
    </ClInclude>
    <ClInclude Include="UI.h">
      <Filter>UI_data</Filter>
    </ClInclude>
    <ClInclude Include="GUI.h">
      <Filter>UI_data</Filter>
    </ClInclude>
    <ClInclude Include="DUI.h">
      <Filter>UI_data</Filter>
    </ClInclude>
    <ClInclude Include="D2D_Graphics.h">
      <Filter>UI_data</Filter>
    </ClInclude>
    <ClInclude Include="Main.h" />
    <ClInclude Include="Frame.h">
      <Filter>model_subclasses</Filter>
    </ClInclude>
    <ClInclude Include="Keypress.h">
      <Filter>libraries</Filter>
    </ClInclude>
    <ClInclude Include="Action.h">
      <Filter>model_subclasses</Filter>
    </ClInclude>
    <ClInclude Include="Console.h" />
    <ClInclude Include="save.h">
      <Filter>libraries</Filter>
    </ClInclude>
    <ClInclude Include="Filewriter.h">
      <Filter>libraries</Filter>
    </ClInclude>
    <ClInclude Include="Filereader.h">
      <Filter>libraries</Filter>
    </ClInclude>
    <ClInclude Include="FilenameChecker.h">
      <Filter>libraries</Filter>
    </ClInclude>
    <ClInclude Include="UI_Object.h">
      <Filter>UI_data\View</Filter>
    </ClInclude>
    <ClInclude Include="UI_HitboxSlideButton.h">
      <Filter>UI_data\Controller</Filter>
    </ClInclude>
    <ClInclude Include="UI_Hitbox.h">
      <Filter>UI_data\Controller</Filter>
    </ClInclude>
    <ClInclude Include="ActionTrigger.h" />
    <ClInclude Include="Abstr_UI_HitboxSlideButton.h">
      <Filter>UI_data\Controller</Filter>
    </ClInclude>
    <ClInclude Include="Abstr_UI_Hitbox.h">
      <Filter>UI_data\Controller</Filter>
    </ClInclude>
    <ClInclude Include="UI_HitboxScrolBar.h">
      <Filter>UI_data\Controller</Filter>
    </ClInclude>
    <ClInclude Include="UI_HitboxHoverSlideButton.h">
      <Filter>UI_data\Controller</Filter>
    </ClInclude>
    <ClInclude Include="UI_HitboxLockScrolBar.h">
      <Filter>UI_data\Controller</Filter>
    </ClInclude>
    <ClInclude Include="Abstr_Screen.h" />
    <ClInclude Include="UI_CallbackFunctions.h">
      <Filter>UI_data\Controller</Filter>
    </ClInclude>
  </ItemGroup>
  <ItemGroup>
    <Image Include="app.ico" />
  </ItemGroup>
  <ItemGroup>
    <Filter Include="libraries">
      <UniqueIdentifier>{51f4e584-62a5-4858-ae4a-5e73babfa6db}</UniqueIdentifier>
    </Filter>
    <Filter Include="UI_data">
      <UniqueIdentifier>{ca7a3f6b-9d2b-44e5-a36a-d99a568a1f49}</UniqueIdentifier>
    </Filter>
    <Filter Include="model_subclasses">
      <UniqueIdentifier>{1a742d66-b7f8-42bf-b10b-b29048bc9a07}</UniqueIdentifier>
    </Filter>
    <Filter Include="UI_data\Controller">
      <UniqueIdentifier>{536a4a2f-f90c-4a76-9553-a3736a513813}</UniqueIdentifier>
    </Filter>
    <Filter Include="UI_data\View">
      <UniqueIdentifier>{7a26aeb1-77ea-4ec3-bef6-d15000bd47e7}</UniqueIdentifier>
    </Filter>
  </ItemGroup>
  <ItemGroup>
    <ResourceCompile Include="BodyBasics.rc">
      <Filter>UI_data</Filter>
    </ResourceCompile>
  </ItemGroup>
  <ItemGroup>
    <None Include="ClassDiagram.cd" />
  </ItemGroup>
</Project>